
Microsoft Visual Studio Solution File, Format Version 10.00
# Visual Studio 2008
Project("{FAE04EC0-301F-11D3-BF4B-00C04F79EFBC}") = "SendEmail_WIN", "SendEmail\SendEmail_WIN.csproj", "{210090FF-0C68-499B-B4AA-82F8FD4AB820}"
EndProject
Project("{FAE04EC0-301F-11D3-BF4B-00C04F79EFBC}") = "SendEmail_LIB", "SendEmail_LIB\SendEmail_LIB.csproj", "{16911E2F-FC49-4298-8A74-0EDD82AF9145}"
EndProject
Project("{54435603-DBB4-11D2-8724-00A0C9A8B90C}") = "SendEmailSetup", "SendEmailSetup\SendEmailSetup.vdproj", "{CA6B36B2-1973-471A-89F8-0E978B4180BF}"
EndProject
Global
	GlobalSection(SolutionConfigurationPlatforms) = preSolution
		Debug|Any CPU = Debug|Any CPU
		Release|Any CPU = Release|Any CPU
	EndGlobalSection
	GlobalSection(ProjectConfigurationPlatforms) = postSolution
		{210090FF-0C68-499B-B4AA-82F8FD4AB820}.Debug|Any CPU.ActiveCfg = Debug|Any CPU
		{210090FF-0C68-499B-B4AA-82F8FD4AB820}.Debug|Any CPU.Build.0 = Debug|Any CPU
		{210090FF-0C68-499B-B4AA-82F8FD4AB820}.Release|Any CPU.ActiveCfg = Release|Any CPU
		{210090FF-0C68-499B-B4AA-82F8FD4AB820}.Release|Any CPU.Build.0 = Release|Any CPU
		{16911E2F-FC49-4298-8A74-0EDD82AF9145}.Debug|Any CPU.ActiveCfg = Debug|Any CPU
		{16911E2F-FC49-4298-8A74-0EDD82AF9145}.Debug|Any CPU.Build.0 = Debug|Any CPU
		{16911E2F-FC49-4298-8A74-0EDD82AF9145}.Release|Any CPU.ActiveCfg = Release|Any CPU
		{16911E2F-FC49-4298-8A74-0EDD82AF9145}.Release|Any CPU.Build.0 = Release|Any CPU
		{CA6B36B2-1973-471A-89F8-0E978B4180BF}.Debug|Any CPU.ActiveCfg = Debug
		{CA6B36B2-1973-471A-89F8-0E978B4180BF}.Release|Any CPU.ActiveCfg = Release
	EndGlobalSection
	GlobalSection(SolutionProperties) = preSolution
		HideSolutionNode = FALSE
	EndGlobalSection
EndGlobal
